
Microsoft Visual Studio Solution File, Format Version 12.00
# Visual Studio Version 17
VisualStudioVersion = 17.0.31903.59
MinimumVisualStudioVersion = 10.0.40219.1
Project("{9A19103F-16F7-4668-BE54-9A1E7A4F7556}") = "_build", "build\_build.csproj", "{D6803D2F-E5CB-4F28-88C3-C50EE6C00435}"
EndProject
Project("{2150E333-8FDC-42A3-9474-1A3956D46DE8}") = "AdventCalendars", "AdventCalendars", "{2A8743AE-924F-4C79-918A-4A713A6812E3}"
EndProject
Project("{2150E333-8FDC-42A3-9474-1A3956D46DE8}") = "2023", "2023", "{74ADD15B-B626-41E4-BA79-CC873DC3960C}"
EndProject
Project("{2150E333-8FDC-42A3-9474-1A3956D46DE8}") = "1", "1", "{43196585-C5E5-4E2C-9A4E-37AC9DCEB624}"
EndProject
Project("{FAE04EC0-301F-11D3-BF4B-00C04F79EFBC}") = "src", "AdventCalendars\2023\1\src\src.csproj", "{804E180A-CB40-400C-990E-9A923F847321}"
EndProject
Project("{FAE04EC0-301F-11D3-BF4B-00C04F79EFBC}") = "test", "AdventCalendars\2023\1\test\test.csproj", "{45F16341-4229-4A10-8775-EA46E63DE62B}"
EndProject
Project("{FAE04EC0-301F-11D3-BF4B-00C04F79EFBC}") = "Day1", "AdventCalendars\2023\1\Day1\Day1.csproj", "{8DBAE614-AD55-4DF1-96C6-6508BDDB5380}"
EndProject
Project("{FAE04EC0-301F-11D3-BF4B-00C04F79EFBC}") = "Day1.Test", "AdventCalendars\2023\1\Day1.Test\Day1.Test.csproj", "{46F19F50-024E-4A80-893F-9B17107601C6}"
EndProject
Project("{2150E333-8FDC-42A3-9474-1A3956D46DE8}") = "2", "2", "{BCC052D7-3F0B-4294-8BAE-CB6DA7C7E6A0}"
EndProject
Project("{FAE04EC0-301F-11D3-BF4B-00C04F79EFBC}") = "Day2", "AdventCalendars\2023\2\Day2\Day2.csproj", "{D17451F5-2D0C-4CF9-A84F-800EA8E9038D}"
EndProject
Project("{FAE04EC0-301F-11D3-BF4B-00C04F79EFBC}") = "Day2.Test", "AdventCalendars\2023\2\Day2.Test\Day2.Test.csproj", "{3B2E844C-266B-42DC-803A-822DF21ACE15}"
EndProject
Project("{2150E333-8FDC-42A3-9474-1A3956D46DE8}") = "3", "3", "{D16F71F0-63DE-4C85-8C28-D9E16C20013F}"
EndProject
Project("{FAE04EC0-301F-11D3-BF4B-00C04F79EFBC}") = "Day3", "AdventCalendars\2023\3\Day3\Day3.csproj", "{4D7D73BD-1944-45EB-9AF6-366BC671D7DC}"
EndProject
Project("{FAE04EC0-301F-11D3-BF4B-00C04F79EFBC}") = "Day3.Test", "AdventCalendars\2023\3\Day3.Test\Day3.Test.csproj", "{967C5708-655C-422D-B3E8-61108998FD5B}"
EndProject
Global
	GlobalSection(SolutionConfigurationPlatforms) = preSolution
		Debug|Any CPU = Debug|Any CPU
		Release|Any CPU = Release|Any CPU
	EndGlobalSection
	GlobalSection(ProjectConfigurationPlatforms) = postSolution
		{D6803D2F-E5CB-4F28-88C3-C50EE6C00435}.Debug|Any CPU.ActiveCfg = Debug|Any CPU
		{D6803D2F-E5CB-4F28-88C3-C50EE6C00435}.Release|Any CPU.ActiveCfg = Release|Any CPU
		{804E180A-CB40-400C-990E-9A923F847321}.Debug|Any CPU.ActiveCfg = Debug|Any CPU
		{804E180A-CB40-400C-990E-9A923F847321}.Debug|Any CPU.Build.0 = Debug|Any CPU
		{804E180A-CB40-400C-990E-9A923F847321}.Release|Any CPU.ActiveCfg = Release|Any CPU
		{804E180A-CB40-400C-990E-9A923F847321}.Release|Any CPU.Build.0 = Release|Any CPU
		{45F16341-4229-4A10-8775-EA46E63DE62B}.Debug|Any CPU.ActiveCfg = Debug|Any CPU
		{45F16341-4229-4A10-8775-EA46E63DE62B}.Debug|Any CPU.Build.0 = Debug|Any CPU
		{45F16341-4229-4A10-8775-EA46E63DE62B}.Release|Any CPU.ActiveCfg = Release|Any CPU
		{45F16341-4229-4A10-8775-EA46E63DE62B}.Release|Any CPU.Build.0 = Release|Any CPU
		{8DBAE614-AD55-4DF1-96C6-6508BDDB5380}.Debug|Any CPU.ActiveCfg = Debug|Any CPU
		{8DBAE614-AD55-4DF1-96C6-6508BDDB5380}.Debug|Any CPU.Build.0 = Debug|Any CPU
		{8DBAE614-AD55-4DF1-96C6-6508BDDB5380}.Release|Any CPU.ActiveCfg = Release|Any CPU
		{8DBAE614-AD55-4DF1-96C6-6508BDDB5380}.Release|Any CPU.Build.0 = Release|Any CPU
		{46F19F50-024E-4A80-893F-9B17107601C6}.Debug|Any CPU.ActiveCfg = Debug|Any CPU
		{46F19F50-024E-4A80-893F-9B17107601C6}.Debug|Any CPU.Build.0 = Debug|Any CPU
		{46F19F50-024E-4A80-893F-9B17107601C6}.Release|Any CPU.ActiveCfg = Release|Any CPU
		{46F19F50-024E-4A80-893F-9B17107601C6}.Release|Any CPU.Build.0 = Release|Any CPU
		{D17451F5-2D0C-4CF9-A84F-800EA8E9038D}.Debug|Any CPU.ActiveCfg = Debug|Any CPU
		{D17451F5-2D0C-4CF9-A84F-800EA8E9038D}.Debug|Any CPU.Build.0 = Debug|Any CPU
		{D17451F5-2D0C-4CF9-A84F-800EA8E9038D}.Release|Any CPU.ActiveCfg = Release|Any CPU
		{D17451F5-2D0C-4CF9-A84F-800EA8E9038D}.Release|Any CPU.Build.0 = Release|Any CPU
		{3B2E844C-266B-42DC-803A-822DF21ACE15}.Debug|Any CPU.ActiveCfg = Debug|Any CPU
		{3B2E844C-266B-42DC-803A-822DF21ACE15}.Debug|Any CPU.Build.0 = Debug|Any CPU
		{3B2E844C-266B-42DC-803A-822DF21ACE15}.Release|Any CPU.ActiveCfg = Release|Any CPU
		{3B2E844C-266B-42DC-803A-822DF21ACE15}.Release|Any CPU.Build.0 = Release|Any CPU
		{4D7D73BD-1944-45EB-9AF6-366BC671D7DC}.Debug|Any CPU.ActiveCfg = Debug|Any CPU
		{4D7D73BD-1944-45EB-9AF6-366BC671D7DC}.Debug|Any CPU.Build.0 = Debug|Any CPU
		{4D7D73BD-1944-45EB-9AF6-366BC671D7DC}.Release|Any CPU.ActiveCfg = Release|Any CPU
		{4D7D73BD-1944-45EB-9AF6-366BC671D7DC}.Release|Any CPU.Build.0 = Release|Any CPU
		{967C5708-655C-422D-B3E8-61108998FD5B}.Debug|Any CPU.ActiveCfg = Debug|Any CPU
		{967C5708-655C-422D-B3E8-61108998FD5B}.Debug|Any CPU.Build.0 = Debug|Any CPU
		{967C5708-655C-422D-B3E8-61108998FD5B}.Release|Any CPU.ActiveCfg = Release|Any CPU
		{967C5708-655C-422D-B3E8-61108998FD5B}.Release|Any CPU.Build.0 = Release|Any CPU
	EndGlobalSection
	GlobalSection(SolutionProperties) = preSolution
		HideSolutionNode = FALSE
	EndGlobalSection
	GlobalSection(NestedProjects) = preSolution
		{74ADD15B-B626-41E4-BA79-CC873DC3960C} = {2A8743AE-924F-4C79-918A-4A713A6812E3}
		{43196585-C5E5-4E2C-9A4E-37AC9DCEB624} = {74ADD15B-B626-41E4-BA79-CC873DC3960C}
		{804E180A-CB40-400C-990E-9A923F847321} = {43196585-C5E5-4E2C-9A4E-37AC9DCEB624}
		{45F16341-4229-4A10-8775-EA46E63DE62B} = {43196585-C5E5-4E2C-9A4E-37AC9DCEB624}
		{8DBAE614-AD55-4DF1-96C6-6508BDDB5380} = {43196585-C5E5-4E2C-9A4E-37AC9DCEB624}
		{46F19F50-024E-4A80-893F-9B17107601C6} = {43196585-C5E5-4E2C-9A4E-37AC9DCEB624}
		{BCC052D7-3F0B-4294-8BAE-CB6DA7C7E6A0} = {74ADD15B-B626-41E4-BA79-CC873DC3960C}
		{D17451F5-2D0C-4CF9-A84F-800EA8E9038D} = {BCC052D7-3F0B-4294-8BAE-CB6DA7C7E6A0}
		{3B2E844C-266B-42DC-803A-822DF21ACE15} = {BCC052D7-3F0B-4294-8BAE-CB6DA7C7E6A0}
		{D16F71F0-63DE-4C85-8C28-D9E16C20013F} = {74ADD15B-B626-41E4-BA79-CC873DC3960C}
		{4D7D73BD-1944-45EB-9AF6-366BC671D7DC} = {D16F71F0-63DE-4C85-8C28-D9E16C20013F}
		{967C5708-655C-422D-B3E8-61108998FD5B} = {D16F71F0-63DE-4C85-8C28-D9E16C20013F}
	EndGlobalSection
EndGlobal
